
Microsoft Visual Studio Solution File, Format Version 12.00
# Visual Studio 15
VisualStudioVersion = 15.0.28307.779
MinimumVisualStudioVersion = 10.0.40219.1
Project("{FAE04EC0-301F-11D3-BF4B-00C04F79EFBC}") = "PageantGame", "PageantGame\PageantGame.csproj", "{96177668-D903-45FE-B626-58BB71CBAB88}"
EndProject
Project("{FAE04EC0-301F-11D3-BF4B-00C04F79EFBC}") = "PageantLibrary", "Contestant\PageantLibrary.csproj", "{423F30F3-3864-4BB5-9EA3-DC9C861645A9}"
EndProject
Global
	GlobalSection(SolutionConfigurationPlatforms) = preSolution
		Debug|Any CPU = Debug|Any CPU
		Release|Any CPU = Release|Any CPU
	EndGlobalSection
	GlobalSection(ProjectConfigurationPlatforms) = postSolution
		{96177668-D903-45FE-B626-58BB71CBAB88}.Debug|Any CPU.ActiveCfg = Debug|Any CPU
		{96177668-D903-45FE-B626-58BB71CBAB88}.Debug|Any CPU.Build.0 = Debug|Any CPU
		{96177668-D903-45FE-B626-58BB71CBAB88}.Release|Any CPU.ActiveCfg = Release|Any CPU
		{96177668-D903-45FE-B626-58BB71CBAB88}.Release|Any CPU.Build.0 = Release|Any CPU
		{423F30F3-3864-4BB5-9EA3-DC9C861645A9}.Debug|Any CPU.ActiveCfg = Debug|Any CPU
		{423F30F3-3864-4BB5-9EA3-DC9C861645A9}.Debug|Any CPU.Build.0 = Debug|Any CPU
		{423F30F3-3864-4BB5-9EA3-DC9C861645A9}.Release|Any CPU.ActiveCfg = Release|Any CPU
		{423F30F3-3864-4BB5-9EA3-DC9C861645A9}.Release|Any CPU.Build.0 = Release|Any CPU
	EndGlobalSection
	GlobalSection(SolutionProperties) = preSolution
		HideSolutionNode = FALSE
	EndGlobalSection
	GlobalSection(ExtensibilityGlobals) = postSolution
		SolutionGuid = {B467EFAA-D9B5-48AE-BDE0-FBDAC3337852}
	EndGlobalSection
EndGlobal
